
Microsoft Visual Studio Solution File, Format Version 12.00
# Visual Studio Version 17
VisualStudioVersion = 17.0.31903.59
MinimumVisualStudioVersion = 10.0.40219.1
Project("{2150E333-8FDC-42A3-9474-1A3956D46DE8}") = "src", "src", "{827E0CD3-B72D-47B6-A68D-7590B98EB39B}"
EndProject
Project("{FAE04EC0-301F-11D3-BF4B-00C04F79EFBC}") = "Dragonmind.Core", "src\Dragonmind.Core\Dragonmind.Core.csproj", "{A1D86E84-AB99-442C-93C3-10697D42CCD6}"
EndProject
Project("{FAE04EC0-301F-11D3-BF4B-00C04F79EFBC}") = "Dragonmind.Knowledge", "src\Dragonmind.Knowledge\Dragonmind.Knowledge.csproj", "{0292921D-90B2-487A-9C9A-A7078F5DFE45}"
EndProject
Project("{2150E333-8FDC-42A3-9474-1A3956D46DE8}") = "tests", "tests", "{0AB3BF05-4346-4AA6-1389-037BE0695223}"
EndProject
Project("{FAE04EC0-301F-11D3-BF4B-00C04F79EFBC}") = "Dragonmind.Knowledge.UnitTests", "tests\Dragonmind.Knowledge.UnitTests\Dragonmind.Knowledge.UnitTests.csproj", "{3F920D87-ABC1-48FF-820A-CDAA01E9D800}"
EndProject
Project("{FAE04EC0-301F-11D3-BF4B-00C04F79EFBC}") = "Dragonmind.Knowledge.IntegrationTests", "tests\Dragonmind.Knowledge.IntegrationTests\Dragonmind.Knowledge.IntegrationTests.csproj", "{831C8053-C858-4BE6-9529-A03D84CC1DFC}"
EndProject
Global
	GlobalSection(SolutionConfigurationPlatforms) = preSolution
		Debug|Any CPU = Debug|Any CPU
		Debug|x64 = Debug|x64
		Debug|x86 = Debug|x86
		Release|Any CPU = Release|Any CPU
		Release|x64 = Release|x64
		Release|x86 = Release|x86
	EndGlobalSection
	GlobalSection(ProjectConfigurationPlatforms) = postSolution
		{A1D86E84-AB99-442C-93C3-10697D42CCD6}.Debug|Any CPU.ActiveCfg = Debug|Any CPU
		{A1D86E84-AB99-442C-93C3-10697D42CCD6}.Debug|Any CPU.Build.0 = Debug|Any CPU
		{A1D86E84-AB99-442C-93C3-10697D42CCD6}.Debug|x64.ActiveCfg = Debug|Any CPU
		{A1D86E84-AB99-442C-93C3-10697D42CCD6}.Debug|x64.Build.0 = Debug|Any CPU
		{A1D86E84-AB99-442C-93C3-10697D42CCD6}.Debug|x86.ActiveCfg = Debug|Any CPU
		{A1D86E84-AB99-442C-93C3-10697D42CCD6}.Debug|x86.Build.0 = Debug|Any CPU
		{A1D86E84-AB99-442C-93C3-10697D42CCD6}.Release|Any CPU.ActiveCfg = Release|Any CPU
		{A1D86E84-AB99-442C-93C3-10697D42CCD6}.Release|Any CPU.Build.0 = Release|Any CPU
		{A1D86E84-AB99-442C-93C3-10697D42CCD6}.Release|x64.ActiveCfg = Release|Any CPU
		{A1D86E84-AB99-442C-93C3-10697D42CCD6}.Release|x64.Build.0 = Release|Any CPU
		{A1D86E84-AB99-442C-93C3-10697D42CCD6}.Release|x86.ActiveCfg = Release|Any CPU
		{A1D86E84-AB99-442C-93C3-10697D42CCD6}.Release|x86.Build.0 = Release|Any CPU
		{0292921D-90B2-487A-9C9A-A7078F5DFE45}.Debug|Any CPU.ActiveCfg = Debug|Any CPU
		{0292921D-90B2-487A-9C9A-A7078F5DFE45}.Debug|Any CPU.Build.0 = Debug|Any CPU
		{0292921D-90B2-487A-9C9A-A7078F5DFE45}.Debug|x64.ActiveCfg = Debug|Any CPU
		{0292921D-90B2-487A-9C9A-A7078F5DFE45}.Debug|x64.Build.0 = Debug|Any CPU
		{0292921D-90B2-487A-9C9A-A7078F5DFE45}.Debug|x86.ActiveCfg = Debug|Any CPU
		{0292921D-90B2-487A-9C9A-A7078F5DFE45}.Debug|x86.Build.0 = Debug|Any CPU
		{0292921D-90B2-487A-9C9A-A7078F5DFE45}.Release|Any CPU.ActiveCfg = Release|Any CPU
		{0292921D-90B2-487A-9C9A-A7078F5DFE45}.Release|Any CPU.Build.0 = Release|Any CPU
		{0292921D-90B2-487A-9C9A-A7078F5DFE45}.Release|x64.ActiveCfg = Release|Any CPU
		{0292921D-90B2-487A-9C9A-A7078F5DFE45}.Release|x64.Build.0 = Release|Any CPU
		{0292921D-90B2-487A-9C9A-A7078F5DFE45}.Release|x86.ActiveCfg = Release|Any CPU
		{0292921D-90B2-487A-9C9A-A7078F5DFE45}.Release|x86.Build.0 = Release|Any CPU
		{3F920D87-ABC1-48FF-820A-CDAA01E9D800}.Debug|Any CPU.ActiveCfg = Debug|Any CPU
		{3F920D87-ABC1-48FF-820A-CDAA01E9D800}.Debug|Any CPU.Build.0 = Debug|Any CPU
		{3F920D87-ABC1-48FF-820A-CDAA01E9D800}.Debug|x64.ActiveCfg = Debug|Any CPU
		{3F920D87-ABC1-48FF-820A-CDAA01E9D800}.Debug|x64.Build.0 = Debug|Any CPU
		{3F920D87-ABC1-48FF-820A-CDAA01E9D800}.Debug|x86.ActiveCfg = Debug|Any CPU
		{3F920D87-ABC1-48FF-820A-CDAA01E9D800}.Debug|x86.Build.0 = Debug|Any CPU
		{3F920D87-ABC1-48FF-820A-CDAA01E9D800}.Release|Any CPU.ActiveCfg = Release|Any CPU
		{3F920D87-ABC1-48FF-820A-CDAA01E9D800}.Release|Any CPU.Build.0 = Release|Any CPU
		{3F920D87-ABC1-48FF-820A-CDAA01E9D800}.Release|x64.ActiveCfg = Release|Any CPU
		{3F920D87-ABC1-48FF-820A-CDAA01E9D800}.Release|x64.Build.0 = Release|Any CPU
		{3F920D87-ABC1-48FF-820A-CDAA01E9D800}.Release|x86.ActiveCfg = Release|Any CPU
		{3F920D87-ABC1-48FF-820A-CDAA01E9D800}.Release|x86.Build.0 = Release|Any CPU
		{831C8053-C858-4BE6-9529-A03D84CC1DFC}.Debug|Any CPU.ActiveCfg = Debug|Any CPU
		{831C8053-C858-4BE6-9529-A03D84CC1DFC}.Debug|Any CPU.Build.0 = Debug|Any CPU
		{831C8053-C858-4BE6-9529-A03D84CC1DFC}.Debug|x64.ActiveCfg = Debug|Any CPU
		{831C8053-C858-4BE6-9529-A03D84CC1DFC}.Debug|x64.Build.0 = Debug|Any CPU
		{831C8053-C858-4BE6-9529-A03D84CC1DFC}.Debug|x86.ActiveCfg = Debug|Any CPU
		{831C8053-C858-4BE6-9529-A03D84CC1DFC}.Debug|x86.Build.0 = Debug|Any CPU
		{831C8053-C858-4BE6-9529-A03D84CC1DFC}.Release|Any CPU.ActiveCfg = Release|Any CPU
		{831C8053-C858-4BE6-9529-A03D84CC1DFC}.Release|Any CPU.Build.0 = Release|Any CPU
		{831C8053-C858-4BE6-9529-A03D84CC1DFC}.Release|x64.ActiveCfg = Release|Any CPU
		{831C8053-C858-4BE6-9529-A03D84CC1DFC}.Release|x64.Build.0 = Release|Any CPU
		{831C8053-C858-4BE6-9529-A03D84CC1DFC}.Release|x86.ActiveCfg = Release|Any CPU
		{831C8053-C858-4BE6-9529-A03D84CC1DFC}.Release|x86.Build.0 = Release|Any CPU
	EndGlobalSection
	GlobalSection(SolutionProperties) = preSolution
		HideSolutionNode = FALSE
	EndGlobalSection
	GlobalSection(NestedProjects) = preSolution
		{A1D86E84-AB99-442C-93C3-10697D42CCD6} = {827E0CD3-B72D-47B6-A68D-7590B98EB39B}
		{0292921D-90B2-487A-9C9A-A7078F5DFE45} = {827E0CD3-B72D-47B6-A68D-7590B98EB39B}
		{3F920D87-ABC1-48FF-820A-CDAA01E9D800} = {0AB3BF05-4346-4AA6-1389-037BE0695223}
		{831C8053-C858-4BE6-9529-A03D84CC1DFC} = {0AB3BF05-4346-4AA6-1389-037BE0695223}
	EndGlobalSection
EndGlobal
